
Microsoft Visual Studio Solution File, Format Version 12.00
# Visual Studio Version 17
VisualStudioVersion = 17.11.35219.272
MinimumVisualStudioVersion = 10.0.40219.1
Project("{FAE04EC0-301F-11D3-BF4B-00C04F79EFBC}") = "Tamagochi", "Tamagochi\Tamagochi.csproj", "{E8B39B1A-52FD-41AD-A008-FE75D7ABA98C}"
EndProject
Global
	GlobalSection(SolutionConfigurationPlatforms) = preSolution
		Debug|Any CPU = Debug|Any CPU
		Release|Any CPU = Release|Any CPU
	EndGlobalSection
	GlobalSection(ProjectConfigurationPlatforms) = postSolution
		{E8B39B1A-52FD-41AD-A008-FE75D7ABA98C}.Debug|Any CPU.ActiveCfg = Debug|Any CPU
		{E8B39B1A-52FD-41AD-A008-FE75D7ABA98C}.Debug|Any CPU.Build.0 = Debug|Any CPU
		{E8B39B1A-52FD-41AD-A008-FE75D7ABA98C}.Release|Any CPU.ActiveCfg = Release|Any CPU
		{E8B39B1A-52FD-41AD-A008-FE75D7ABA98C}.Release|Any CPU.Build.0 = Release|Any CPU
	EndGlobalSection
	GlobalSection(SolutionProperties) = preSolution
		HideSolutionNode = FALSE
	EndGlobalSection
	GlobalSection(ExtensibilityGlobals) = postSolution
		SolutionGuid = {F10D98E8-E13C-435B-8133-A84DF6B3C441}
	EndGlobalSection
EndGlobal
